
Microsoft Visual Studio Solution File, Format Version 12.00
# Visual Studio 15
VisualStudioVersion = 15.0.27130.2027
MinimumVisualStudioVersion = 10.0.40219.1
Project("{FAE04EC0-301F-11D3-BF4B-00C04F79EFBC}") = "ttcs", "ttcs\ttcs.csproj", "{29BE3253-031D-4FF3-B509-C03C7518303F}"
EndProject
Global
	GlobalSection(SolutionConfigurationPlatforms) = preSolution
		Debug|Any CPU = Debug|Any CPU
		Release|Any CPU = Release|Any CPU
	EndGlobalSection
	GlobalSection(ProjectConfigurationPlatforms) = postSolution
		{29BE3253-031D-4FF3-B509-C03C7518303F}.Debug|Any CPU.ActiveCfg = Debug|Any CPU
		{29BE3253-031D-4FF3-B509-C03C7518303F}.Debug|Any CPU.Build.0 = Debug|Any CPU
		{29BE3253-031D-4FF3-B509-C03C7518303F}.Release|Any CPU.ActiveCfg = Release|Any CPU
		{29BE3253-031D-4FF3-B509-C03C7518303F}.Release|Any CPU.Build.0 = Release|Any CPU
	EndGlobalSection
	GlobalSection(SolutionProperties) = preSolution
		HideSolutionNode = FALSE
	EndGlobalSection
	GlobalSection(ExtensibilityGlobals) = postSolution
		SolutionGuid = {594E73EA-2120-49E1-816E-AD210542D7C1}
	EndGlobalSection
EndGlobal
